
Microsoft Visual Studio Solution File, Format Version 12.00
# Visual Studio 15
VisualStudioVersion = 15.0.28010.2036
MinimumVisualStudioVersion = 10.0.40219.1
Project("{9A19103F-16F7-4668-BE54-9A1E7A4F7556}") = "app", "app\app.csproj", "{BD6606A8-1A0C-417A-A52A-1342C3DD4BAF}"
EndProject
Global
	GlobalSection(SolutionConfigurationPlatforms) = preSolution
		Debug|Any CPU = Debug|Any CPU
		Release|Any CPU = Release|Any CPU
	EndGlobalSection
	GlobalSection(ProjectConfigurationPlatforms) = postSolution
		{BD6606A8-1A0C-417A-A52A-1342C3DD4BAF}.Debug|Any CPU.ActiveCfg = Debug|Any CPU
		{BD6606A8-1A0C-417A-A52A-1342C3DD4BAF}.Debug|Any CPU.Build.0 = Debug|Any CPU
		{BD6606A8-1A0C-417A-A52A-1342C3DD4BAF}.Release|Any CPU.ActiveCfg = Release|Any CPU
		{BD6606A8-1A0C-417A-A52A-1342C3DD4BAF}.Release|Any CPU.Build.0 = Release|Any CPU
	EndGlobalSection
	GlobalSection(SolutionProperties) = preSolution
		HideSolutionNode = FALSE
	EndGlobalSection
	GlobalSection(ExtensibilityGlobals) = postSolution
		SolutionGuid = {DCA4076E-03C9-4C6C-969D-75A56DF267E6}
	EndGlobalSection
EndGlobal
